PODS:
  - BNRCoreDataStack (2.3.1)
  - Disk (0.3.3)
  - PromiseKit/CorePromise (6.4.0)
  - SwiftLint (0.27.0)

DEPENDENCIES:
  - BNRCoreDataStack
  - Disk
  - PromiseKit/CorePromise
  - SwiftLint

SPEC REPOS:
  https://github.com/cocoapods/specs.git:
    - BNRCoreDataStack
    - Disk
    - PromiseKit
    - SwiftLint

SPEC CHECKSUMS:
  BNRCoreDataStack: d9d7d0ed1afd27dca5a903dde1250aa4c6dbc3f5
  Disk: d1f55cd61f6ca20f368232d0c6e37e3c3dfcb63e
  PromiseKit: ae3616f45d7bb9bf4ff1e91abc9b7a8c48a340e0
  SwiftLint: 3207c1faa2240bf8973b191820a116113cd11073

PODFILE CHECKSUM: eb15b7b07fbfd539daf058ea2c0612760e913370

COCOAPODS: 1.5.3
